{
	"name": "marklogic-unit-test",
	"version": "0.0.1-alpha",
	"lockfileVersion": 1,
	"requires": true,
	"dependencies": {
		"marklogic-server-typescript-definitions": {
			"version": "git+https://github.com/wgehring-ml/MarkLogic-Server-types.git#c86db607514866f1f4f14b376634504b1a23c3aa",
			"from": "git+https://github.com/wgehring-ml/MarkLogic-Server-types.git"
		}
	}
}
